
Microsoft Visual Studio Solution File, Format Version 12.00
# Visual Studio Version 17
VisualStudioVersion = 17.4.33927.135
MinimumVisualStudioVersion = 10.0.40219.1
Project("{FAE04EC0-301F-11D3-BF4B-00C04F79EFBC}") = "ChannelsSample", "ChannelsSample\ChannelsSample.csproj", "{8EFC9632-4DCD-4A72-B4DE-CD773C577C51}"
EndProject
Project("{FAE04EC0-301F-11D3-BF4B-00C04F79EFBC}") = "Runner", "Runner\Runner.csproj", "{65487787-975B-477E-85D3-5776DE9C4651}"
EndProject
Global
	GlobalSection(SolutionConfigurationPlatforms) = preSolution
		Debug|Any CPU = Debug|Any CPU
		Release|Any CPU = Release|Any CPU
	EndGlobalSection
	GlobalSection(ProjectConfigurationPlatforms) = postSolution
		{8EFC9632-4DCD-4A72-B4DE-CD773C577C51}.Debug|Any CPU.ActiveCfg = Debug|Any CPU
		{8EFC9632-4DCD-4A72-B4DE-CD773C577C51}.Debug|Any CPU.Build.0 = Debug|Any CPU
		{8EFC9632-4DCD-4A72-B4DE-CD773C577C51}.Release|Any CPU.ActiveCfg = Release|Any CPU
		{8EFC9632-4DCD-4A72-B4DE-CD773C577C51}.Release|Any CPU.Build.0 = Release|Any CPU
		{65487787-975B-477E-85D3-5776DE9C4651}.Debug|Any CPU.ActiveCfg = Debug|Any CPU
		{65487787-975B-477E-85D3-5776DE9C4651}.Debug|Any CPU.Build.0 = Debug|Any CPU
		{65487787-975B-477E-85D3-5776DE9C4651}.Release|Any CPU.ActiveCfg = Release|Any CPU
		{65487787-975B-477E-85D3-5776DE9C4651}.Release|Any CPU.Build.0 = Release|Any CPU
	EndGlobalSection
	GlobalSection(SolutionProperties) = preSolution
		HideSolutionNode = FALSE
	EndGlobalSection
	GlobalSection(ExtensibilityGlobals) = postSolution
		SolutionGuid = {F353B727-0962-48B5-B873-531602EFF8E9}
	EndGlobalSection
EndGlobal
